
Microsoft Visual Studio Solution File, Format Version 12.00
# Visual Studio Version 16
VisualStudioVersion = 16.0.32228.343
MinimumVisualStudioVersion = 10.0.40219.1
Project("{FAE04EC0-301F-11D3-BF4B-00C04F79EFBC}") = "RTPProcessInjection", "RTPProcessInjection.csproj", "{A80B33F3-AFF6-4BF2-BF8B-C426F5CE71A5}"
EndProject
Project("{FAE04EC0-301F-11D3-BF4B-00C04F79EFBC}") = "CreateRemoteThread", "CreateRemoteThread\CreateRemoteThread.csproj", "{7F8A31BB-1699-407F-8836-ABDA6F8DE946}"
EndProject
Global
	GlobalSection(SolutionConfigurationPlatforms) = preSolution
		Debug|Any CPU = Debug|Any CPU
		Release|Any CPU = Release|Any CPU
	EndGlobalSection
	GlobalSection(ProjectConfigurationPlatforms) = postSolution
		{A80B33F3-AFF6-4BF2-BF8B-C426F5CE71A5}.Debug|Any CPU.ActiveCfg = Debug|Any CPU
		{A80B33F3-AFF6-4BF2-BF8B-C426F5CE71A5}.Debug|Any CPU.Build.0 = Debug|Any CPU
		{A80B33F3-AFF6-4BF2-BF8B-C426F5CE71A5}.Release|Any CPU.ActiveCfg = Release|Any CPU
		{A80B33F3-AFF6-4BF2-BF8B-C426F5CE71A5}.Release|Any CPU.Build.0 = Release|Any CPU
		{7F8A31BB-1699-407F-8836-ABDA6F8DE946}.Debug|Any CPU.ActiveCfg = Debug|Any CPU
		{7F8A31BB-1699-407F-8836-ABDA6F8DE946}.Debug|Any CPU.Build.0 = Debug|Any CPU
		{7F8A31BB-1699-407F-8836-ABDA6F8DE946}.Release|Any CPU.ActiveCfg = Release|Any CPU
		{7F8A31BB-1699-407F-8836-ABDA6F8DE946}.Release|Any CPU.Build.0 = Release|Any CPU
	EndGlobalSection
	GlobalSection(SolutionProperties) = preSolution
		HideSolutionNode = FALSE
	EndGlobalSection
	GlobalSection(ExtensibilityGlobals) = postSolution
		SolutionGuid = {F17C6C62-FB6F-4476-AEB1-5A8F1F24B06F}
	EndGlobalSection
EndGlobal
